Microsoft Visual Studio Solution File, Format Version 12.00
# Visual Studio Version 17
VisualStudioVersion = 17.5.2.0
MinimumVisualStudioVersion = 10.0.40219.1
Project("{FAE04EC0-301F-11D3-BF4B-00C04F79EFBC}") = "MyAspNetApp", "MyAspNetApp\MyAspNetApp.csproj", "{EA0C33E5-1B26-F084-97AA-12B89AC29BCC}"
EndProject
Global
	GlobalSection(SolutionConfigurationPlatforms) = preSolution
		Debug|Any CPU = Debug|Any CPU
		Release|Any CPU = Release|Any CPU
	EndGlobalSection
	GlobalSection(ProjectConfigurationPlatforms) = postSolution
		{EA0C33E5-1B26-F084-97AA-12B89AC29BCC}.Debug|Any CPU.ActiveCfg = Debug|Any CPU
		{EA0C33E5-1B26-F084-97AA-12B89AC29BCC}.Debug|Any CPU.Build.0 = Debug|Any CPU
		{EA0C33E5-1B26-F084-97AA-12B89AC29BCC}.Release|Any CPU.ActiveCfg = Release|Any CPU
		{EA0C33E5-1B26-F084-97AA-12B89AC29BCC}.Release|Any CPU.Build.0 = Release|Any CPU
	EndGlobalSection
	GlobalSection(SolutionProperties) = preSolution
		HideSolutionNode = FALSE
	EndGlobalSection
	GlobalSection(ExtensibilityGlobals) = postSolution
		SolutionGuid = {3AF82374-3E96-497A-A191-997CA5E1D58B}
	EndGlobalSection
EndGlobal
